
Microsoft Visual Studio Solution File, Format Version 12.00
# Visual Studio Version 16
VisualStudioVersion = 16.0.31129.286
MinimumVisualStudioVersion = 10.0.40219.1
Project("{FAE04EC0-301F-11D3-BF4B-00C04F79EFBC}") = "api.usermanagement", "api.usermanagement\api.usermanagement.csproj", "{A85CB92F-C1C3-4DA3-9A7E-D0E4E9536982}"
EndProject
Global
	GlobalSection(SolutionConfigurationPlatforms) = preSolution
		Debug|Any CPU = Debug|Any CPU
		Release|Any CPU = Release|Any CPU
	EndGlobalSection
	GlobalSection(ProjectConfigurationPlatforms) = postSolution
		{A85CB92F-C1C3-4DA3-9A7E-D0E4E9536982}.Debug|Any CPU.ActiveCfg = Debug|Any CPU
		{A85CB92F-C1C3-4DA3-9A7E-D0E4E9536982}.Debug|Any CPU.Build.0 = Debug|Any CPU
		{A85CB92F-C1C3-4DA3-9A7E-D0E4E9536982}.Release|Any CPU.ActiveCfg = Release|Any CPU
		{A85CB92F-C1C3-4DA3-9A7E-D0E4E9536982}.Release|Any CPU.Build.0 = Release|Any CPU
	EndGlobalSection
	GlobalSection(SolutionProperties) = preSolution
		HideSolutionNode = FALSE
	EndGlobalSection
	GlobalSection(ExtensibilityGlobals) = postSolution
		SolutionGuid = {34F0C0FC-E4D2-400F-9CB1-A7942442C99A}
	EndGlobalSection
EndGlobal
